// !$*UTF8*$!
{
	archiveVersion = 1;
	classes = {
	};
	objectVersion = 55;
	objects = {

/* Begin PBXBuildFile section */
		0C17BD8E28125242007E37F5 /* AppDelegate.swift in Sources */ = {isa = PBXBuildFile; fileRef = 0C17BD8D28125242007E37F5 /* AppDelegate.swift */; };
		0C17BD9028125242007E37F5 /* SceneDelegate.swift in Sources */ = {isa = PBXBuildFile; fileRef = 0C17BD8F28125242007E37F5 /* SceneDelegate.swift */; };
		0C17BD9228125242007E37F5 /* ViewController.swift in Sources */ = {isa = PBXBuildFile; fileRef = 0C17BD9128125242007E37F5 /* ViewController.swift */; };
		0C17BD9528125242007E37F5 /* Main.storyboard in Resources */ = {isa = PBXBuildFile; fileRef = 0C17BD9328125242007E37F5 /* Main.storyboard */; };
		0C17BD9728125244007E37F5 /* Assets.xcassets in Resources */ = {isa = PBXBuildFile; fileRef = 0C17BD9628125244007E37F5 /* Assets.xcassets */; };
		0C17BDA528125244007E37F5 /* wordleTests.swift in Sources */ = {isa = PBXBuildFile; fileRef = 0C17BDA428125244007E37F5 /* wordleTests.swift */; };
		0C17BDAF28125244007E37F5 /* wordleUITests.swift in Sources */ = {isa = PBXBuildFile; fileRef = 0C17BDAE28125244007E37F5 /* wordleUITests.swift */; };
		0C17BDB128125244007E37F5 /* wordleUITestsLaunchTests.swift in Sources */ = {isa = PBXBuildFile; fileRef = 0C17BDB028125244007E37F5 /* wordleUITestsLaunchTests.swift */; };
		0C17BDBE281253B5007E37F5 /* word.swift in Sources */ = {isa = PBXBuildFile; fileRef = 0C17BDBD281253B5007E37F5 /* word.swift */; };
		0C17BDC22812575E007E37F5 /* sgb-words.txt in Resources */ = {isa = PBXBuildFile; fileRef = 0C17BDC12812575E007E37F5 /* sgb-words.txt */; };
		0C17BDC428126282007E37F5 /* BoardCell.swift in Sources */ = {isa = PBXBuildFile; fileRef = 0C17BDC328126282007E37F5 /* BoardCell.swift */; };
		0C17BDC62812633D007E37F5 /* BoardItem.swift in Sources */ = {isa = PBXBuildFile; fileRef = 0C17BDC52812633D007E37F5 /* BoardItem.swift */; };
		0C17BDC8281263A6007E37F5 /* Board.swift in Sources */ = {isa = PBXBuildFile; fileRef = 0C17BDC7281263A6007E37F5 /* Board.swift */; };
		0CB35920281326F7007F06D9 /* userKey.appex in Embed App Extensions */ = {isa = PBXBuildFile; fileRef = 0CB35919281326F7007F06D9 /* userKey.appex */; settings = {ATTRIBUTES = (RemoveHeadersOnCopy, ); }; };
/* End PBXBuildFile section */

/* Begin PBXContainerItemProxy section */
		0C17BDA128125244007E37F5 /* PBXContainerItemProxy */ = {
			isa = PBXContainerItemProxy;
			containerPortal = 0C17BD8228125242007E37F5 /* Project object */;
			proxyType = 1;
			remoteGlobalIDString = 0C17BD8928125242007E37F5;
			remoteInfo = wordle;
		};
		0C17BDAB28125244007E37F5 /* PBXContainerItemProxy */ = {
			isa = PBXContainerItemProxy;
			containerPortal = 0C17BD8228125242007E37F5 /* Project object */;
			proxyType = 1;
			remoteGlobalIDString = 0C17BD8928125242007E37F5;
			remoteInfo = wordle;
		};
		0CB3591E281326F7007F06D9 /* PBXContainerItemProxy */ = {
			isa = PBXContainerItemProxy;
			containerPortal = 0C17BD8228125242007E37F5 /* Project object */;
			proxyType = 1;
			remoteGlobalIDString = 0CB35918281326F7007F06D9;
			remoteInfo = userKey;
		};
/* End PBXContainerItemProxy section */

/* Begin PBXCopyFilesBuildPhase section */
		0CB35921281326F7007F06D9 /* Embed App Extensions */ = {
			isa = PBXCopyFilesBuildPhase;
			buildActionMask = 2147483647;
			dstPath = "";
			dstSubfolderSpec = 13;
			files = (
				0CB35920281326F7007F06D9 /* userKey.appex in Embed App Extensions */,
			);
			name = "Embed App Extensions";
			runOnlyForDeploymentPostprocessing = 0;
		};
/* End PBXCopyFilesBuildPhase section */

/* Begin PBXFileReference section */
		0C17BD8A28125242007E37F5 /* wordle.app */ = {isa = PBXFileReference; explicitFileType = wrapper.application; includeInIndex = 0; path = wordle.app; sourceTree = BUILT_PRODUCTS_DIR; };
		0C17BD8D28125242007E37F5 /* AppDelegate.swift */ = {isa = PBXFileReference; lastKnownFileType = sourcecode.swift; path = AppDelegate.swift; sourceTree = "<group>"; };
		0C17BD8F28125242007E37F5 /* SceneDelegate.swift */ = {isa = PBXFileReference; lastKnownFileType = sourcecode.swift; path = SceneDelegate.swift; sourceTree = "<group>"; };
		0C17BD9128125242007E37F5 /* ViewController.swift */ = {isa = PBXFileReference; lastKnownFileType = sourcecode.swift; path = ViewController.swift; sourceTree = "<group>"; };
		0C17BD9428125242007E37F5 /* Base */ = {isa = PBXFileReference; lastKnownFileType = file.storyboard; name = Base; path = Base.lproj/Main.storyboard; sourceTree = "<group>"; };
		0C17BD9628125244007E37F5 /* Assets.xcassets */ = {isa = PBXFileReference; lastKnownFileType = folder.assetcatalog; path = Assets.xcassets; sourceTree = "<group>"; };
		0C17BD9B28125244007E37F5 /* Info.plist */ = {isa = PBXFileReference; lastKnownFileType = text.plist.xml; path = Info.plist; sourceTree = "<group>"; };
		0C17BDA028125244007E37F5 /* wordleTests.xctest */ = {isa = PBXFileReference; explicitFileType = wrapper.cfbundle; includeInIndex = 0; path = wordleTests.xctest; sourceTree = BUILT_PRODUCTS_DIR; };
		0C17BDA428125244007E37F5 /* wordleTests.swift */ = {isa = PBXFileReference; lastKnownFileType = sourcecode.swift; path = wordleTests.swift; sourceTree = "<group>"; };
		0C17BDAA28125244007E37F5 /* wordleUITests.xctest */ = {isa = PBXFileReference; explicitFileType = wrapper.cfbundle; includeInIndex = 0; path = wordleUITests.xctest; sourceTree = BUILT_PRODUCTS_DIR; };
		0C17BDAE28125244007E37F5 /* wordleUITests.swift */ = {isa = PBXFileReference; lastKnownFileType = sourcecode.swift; path = wordleUITests.swift; sourceTree = "<group>"; };
		0C17BDB028125244007E37F5 /* wordleUITestsLaunchTests.swift */ = {isa = PBXFileReference; lastKnownFileType = sourcecode.swift; path = wordleUITestsLaunchTests.swift; sourceTree = "<group>"; };
		0C17BDBD281253B5007E37F5 /* word.swift */ = {isa = PBXFileReference; lastKnownFileType = sourcecode.swift; path = word.swift; sourceTree = "<group>"; };
		0C17BDC12812575E007E37F5 /* sgb-words.txt */ = {isa = PBXFileReference; fileEncoding = 4; lastKnownFileType = text; path = "sgb-words.txt"; sourceTree = "<group>"; };
		0C17BDC328126282007E37F5 /* BoardCell.swift */ = {isa = PBXFileReference; lastKnownFileType = sourcecode.swift; path = BoardCell.swift; sourceTree = "<group>"; };
		0C17BDC52812633D007E37F5 /* BoardItem.swift */ = {isa = PBXFileReference; lastKnownFileType = sourcecode.swift; path = BoardItem.swift; sourceTree = "<group>"; };
		0C17BDC7281263A6007E37F5 /* Board.swift */ = {isa = PBXFileReference; lastKnownFileType = sourcecode.swift; path = Board.swift; sourceTree = "<group>"; };
		0CB35919281326F7007F06D9 /* userKey.appex */ = {isa = PBXFileReference; explicitFileType = "wrapper.app-extension"; includeInIndex = 0; path = userKey.appex; sourceTree = BUILT_PRODUCTS_DIR; };
/* End PBXFileReference section */

/* Begin PBXFrameworksBuildPhase section */
		0C17BD8728125242007E37F5 /* Frameworks */ = {
			isa = PBXFrameworksBuildPhase;
			buildActionMask = 2147483647;
			files = (
			);
			runOnlyForDeploymentPostprocessing = 0;
		};
		0C17BD9D28125244007E37F5 /* Frameworks */ = {
			isa = PBXFrameworksBuildPhase;
			buildActionMask = 2147483647;
			files = (
			);
			runOnlyForDeploymentPostprocessing = 0;
		};
		0C17BDA728125244007E37F5 /* Frameworks */ = {
			isa = PBXFrameworksBuildPhase;
			buildActionMask = 2147483647;
			files = (
			);
			runOnlyForDeploymentPostprocessing = 0;
		};
		0CB35916281326F7007F06D9 /* Frameworks */ = {
			isa = PBXFrameworksBuildPhase;
			buildActionMask = 2147483647;
			files = (
			);
			runOnlyForDeploymentPostprocessing = 0;
		};
/* End PBXFrameworksBuildPhase section */

/* Begin PBXGroup section */
		0C17BD8128125242007E37F5 = {
			isa = PBXGroup;
			children = (
				0C17BD8C28125242007E37F5 /* wordle */,
				0C17BDA328125244007E37F5 /* wordleTests */,
				0C17BDAD28125244007E37F5 /* wordleUITests */,
				0C17BD8B28125242007E37F5 /* Products */,
			);
			sourceTree = "<group>";
		};
		0C17BD8B28125242007E37F5 /* Products */ = {
			isa = PBXGroup;
			children = (
				0C17BD8A28125242007E37F5 /* wordle.app */,
				0C17BDA028125244007E37F5 /* wordleTests.xctest */,
				0C17BDAA28125244007E37F5 /* wordleUITests.xctest */,
				0CB35919281326F7007F06D9 /* userKey.appex */,
			);
			name = Products;
			sourceTree = "<group>";
		};
		0C17BD8C28125242007E37F5 /* wordle */ = {
			isa = PBXGroup;
			children = (
				0C17BD8D28125242007E37F5 /* AppDelegate.swift */,
				0C17BD8F28125242007E37F5 /* SceneDelegate.swift */,
				0C17BD9128125242007E37F5 /* ViewController.swift */,
				0C17BD9328125242007E37F5 /* Main.storyboard */,
				0C17BDC52812633D007E37F5 /* BoardItem.swift */,
				0C17BDC7281263A6007E37F5 /* Board.swift */,
				0C17BDC328126282007E37F5 /* BoardCell.swift */,
				0C17BDBD281253B5007E37F5 /* word.swift */,
				0C17BD9628125244007E37F5 /* Assets.xcassets */,
				0C17BDC12812575E007E37F5 /* sgb-words.txt */,
				0C17BD9B28125244007E37F5 /* Info.plist */,
			);
			path = wordle;
			sourceTree = "<group>";
		};
		0C17BDA328125244007E37F5 /* wordleTests */ = {
			isa = PBXGroup;
			children = (
				0C17BDA428125244007E37F5 /* wordleTests.swift */,
			);
			path = wordleTests;
			sourceTree = "<group>";
		};
		0C17BDAD28125244007E37F5 /* wordleUITests */ = {
			isa = PBXGroup;
			children = (
				0C17BDAE28125244007E37F5 /* wordleUITests.swift */,
				0C17BDB028125244007E37F5 /* wordleUITestsLaunchTests.swift */,
			);
			path = wordleUITests;
			sourceTree = "<group>";
		};
/* End PBXGroup section */

/* Begin PBXNativeTarget section */
		0C17BD8928125242007E37F5 /* wordle */ = {
			isa = PBXNativeTarget;
			buildConfigurationList = 0C17BDB428125244007E37F5 /* Build configuration list for PBXNativeTarget "wordle" */;
			buildPhases = (
				0C17BD8628125242007E37F5 /* Sources */,
				0C17BD8728125242007E37F5 /* Frameworks */,
				0C17BD8828125242007E37F5 /* Resources */,
				0CB35921281326F7007F06D9 /* Embed App Extensions */,
			);
			buildRules = (
			);
			dependencies = (
				0CB3591F281326F7007F06D9 /* PBXTargetDependency */,
			);
			name = wordle;
			productName = wordle;
			productReference = 0C17BD8A28125242007E37F5 /* wordle.app */;
			productType = "com.apple.product-type.application";
		};
		0C17BD9F28125244007E37F5 /* wordleTests */ = {
			isa = PBXNativeTarget;
			buildConfigurationList = 0C17BDB728125244007E37F5 /* Build configuration list for PBXNativeTarget "wordleTests" */;
			buildPhases = (
				0C17BD9C28125244007E37F5 /* Sources */,
				0C17BD9D28125244007E37F5 /* Frameworks */,
				0C17BD9E28125244007E37F5 /* Resources */,
			);
			buildRules = (
			);
			dependencies = (
				0C17BDA228125244007E37F5 /* PBXTargetDependency */,
			);
			name = wordleTests;
			productName = wordleTests;
			productReference = 0C17BDA028125244007E37F5 /* wordleTests.xctest */;
			productType = "com.apple.product-type.bundle.unit-test";
		};
		0C17BDA928125244007E37F5 /* wordleUITests */ = {
			isa = PBXNativeTarget;
			buildConfigurationList = 0C17BDBA28125244007E37F5 /* Build configuration list for PBXNativeTarget "wordleUITests" */;
			buildPhases = (
				0C17BDA628125244007E37F5 /* Sources */,
				0C17BDA728125244007E37F5 /* Frameworks */,
				0C17BDA828125244007E37F5 /* Resources */,
			);
			buildRules = (
			);
			dependencies = (
				0C17BDAC28125244007E37F5 /* PBXTargetDependency */,
			);
			name = wordleUITests;
			productName = wordleUITests;
			productReference = 0C17BDAA28125244007E37F5 /* wordleUITests.xctest */;
			productType = "com.apple.product-type.bundle.ui-testing";
		};
		0CB35918281326F7007F06D9 /* userKey */ = {
			isa = PBXNativeTarget;
			buildConfigurationList = 0CB35924281326F7007F06D9 /* Build configuration list for PBXNativeTarget "userKey" */;
			buildPhases = (
				0CB35915281326F7007F06D9 /* Sources */,
				0CB35916281326F7007F06D9 /* Frameworks */,
				0CB35917281326F7007F06D9 /* Resources */,
			);
			buildRules = (
			);
			dependencies = (
			);
			name = userKey;
			productName = userKey;
			productReference = 0CB35919281326F7007F06D9 /* userKey.appex */;
			productType = "com.apple.product-type.app-extension";
		};
/* End PBXNativeTarget section */

/* Begin PBXProject section */
		0C17BD8228125242007E37F5 /* Project object */ = {
			isa = PBXProject;
			attributes = {
				BuildIndependentTargetsInParallel = 1;
				LastSwiftUpdateCheck = 1330;
				LastUpgradeCheck = 1330;
				TargetAttributes = {
					0C17BD8928125242007E37F5 = {
						CreatedOnToolsVersion = 13.3.1;
					};
					0C17BD9F28125244007E37F5 = {
						CreatedOnToolsVersion = 13.3.1;
						TestTargetID = 0C17BD8928125242007E37F5;
					};
					0C17BDA928125244007E37F5 = {
						CreatedOnToolsVersion = 13.3.1;
						TestTargetID = 0C17BD8928125242007E37F5;
					};
					0CB35918281326F7007F06D9 = {
						CreatedOnToolsVersion = 13.3.1;
					};
				};
			};
			buildConfigurationList = 0C17BD8528125242007E37F5 /* Build configuration list for PBXProject "wordle" */;
			compatibilityVersion = "Xcode 13.0";
			developmentRegion = en;
			hasScannedForEncodings = 0;
			knownRegions = (
				en,
				Base,
			);
			mainGroup = 0C17BD8128125242007E37F5;
			productRefGroup = 0C17BD8B28125242007E37F5 /* Products */;
			projectDirPath = "";
			projectRoot = "";
			targets = (
				0C17BD8928125242007E37F5 /* wordle */,
				0C17BD9F28125244007E37F5 /* wordleTests */,
				0C17BDA928125244007E37F5 /* wordleUITests */,
				0CB35918281326F7007F06D9 /* userKey */,
			);
		};
/* End PBXProject section */

/* Begin PBXResourcesBuildPhase section */
		0C17BD8828125242007E37F5 /* Resources */ = {
			isa = PBXResourcesBuildPhase;
			buildActionMask = 2147483647;
			files = (
				0C17BD9728125244007E37F5 /* Assets.xcassets in Resources */,
				0C17BD9528125242007E37F5 /* Main.storyboard in Resources */,
				0C17BDC22812575E007E37F5 /* sgb-words.txt in Resources */,
			);
			runOnlyForDeploymentPostprocessing = 0;
		};
		0C17BD9E28125244007E37F5 /* Resources */ = {
			isa = PBXResourcesBuildPhase;
			buildActionMask = 2147483647;
			files = (
			);
			runOnlyForDeploymentPostprocessing = 0;
		};
		0C17BDA828125244007E37F5 /* Resources */ = {
			isa = PBXResourcesBuildPhase;
			buildActionMask = 2147483647;
			files = (
			);
			runOnlyForDeploymentPostprocessing = 0;
		};
		0CB35917281326F7007F06D9 /* Resources */ = {
			isa = PBXResourcesBuildPhase;
			buildActionMask = 2147483647;
			files = (
			);
			runOnlyForDeploymentPostprocessing = 0;
		};
/* End PBXResourcesBuildPhase section */

/* Begin PBXSourcesBuildPhase section */
		0C17BD8628125242007E37F5 /* Sources */ = {
			isa = PBXSourcesBuildPhase;
			buildActionMask = 2147483647;
			files = (
				0C17BDC428126282007E37F5 /* BoardCell.swift in Sources */,
				0C17BD9228125242007E37F5 /* ViewController.swift in Sources */,
				0C17BDBE281253B5007E37F5 /* word.swift in Sources */,
				0C17BD8E28125242007E37F5 /* AppDelegate.swift in Sources */,
				0C17BDC8281263A6007E37F5 /* Board.swift in Sources */,
				0C17BD9028125242007E37F5 /* SceneDelegate.swift in Sources */,
				0C17BDC62812633D007E37F5 /* BoardItem.swift in Sources */,
			);
			runOnlyForDeploymentPostprocessing = 0;
		};
		0C17BD9C28125244007E37F5 /* Sources */ = {
			isa = PBXSourcesBuildPhase;
			buildActionMask = 2147483647;
			files = (
				0C17BDA528125244007E37F5 /* wordleTests.swift in Sources */,
			);
			runOnlyForDeploymentPostprocessing = 0;
		};
		0C17BDA628125244007E37F5 /* Sources */ = {
			isa = PBXSourcesBuildPhase;
			buildActionMask = 2147483647;
			files = (
				0C17BDAF28125244007E37F5 /* wordleUITests.swift in Sources */,
				0C17BDB128125244007E37F5 /* wordleUITestsLaunchTests.swift in Sources */,
			);
			runOnlyForDeploymentPostprocessing = 0;
		};
		0CB35915281326F7007F06D9 /* Sources */ = {
			isa = PBXSourcesBuildPhase;
			buildActionMask = 2147483647;
			files = (
			);
			runOnlyForDeploymentPostprocessing = 0;
		};
/* End PBXSourcesBuildPhase section */

/* Begin PBXTargetDependency section */
		0C17BDA228125244007E37F5 /* PBXTargetDependency */ = {
			isa = PBXTargetDependency;
			target = 0C17BD8928125242007E37F5 /* wordle */;
			targetProxy = 0C17BDA128125244007E37F5 /* PBXContainerItemProxy */;
		};
		0C17BDAC28125244007E37F5 /* PBXTargetDependency */ = {
			isa = PBXTargetDependency;
			target = 0C17BD8928125242007E37F5 /* wordle */;
			targetProxy = 0C17BDAB28125244007E37F5 /* PBXContainerItemProxy */;
		};
		0CB3591F281326F7007F06D9 /* PBXTargetDependency */ = {
			isa = PBXTargetDependency;
			target = 0CB35918281326F7007F06D9 /* userKey */;
			targetProxy = 0CB3591E281326F7007F06D9 /* PBXContainerItemProxy */;
		};
/* End PBXTargetDependency section */

/* Begin PBXVariantGroup section */
		0C17BD9328125242007E37F5 /* Main.storyboard */ = {
			isa = PBXVariantGroup;
			children = (
				0C17BD9428125242007E37F5 /* Base */,
			);
			name = Main.storyboard;
			sourceTree = "<group>";
		};
/* End PBXVariantGroup section */

/* Begin XCBuildConfiguration section */
		0C17BDB228125244007E37F5 /* Debug */ = {
			isa = XCBuildConfiguration;
			buildSettings = {
				ALWAYS_SEARCH_USER_PATHS = NO;
				CLANG_ANALYZER_NONNULL = YES;
				CLANG_ANALYZER_NUMBER_OBJECT_CONVERSION = YES_AGGRESSIVE;
				CLANG_CXX_LANGUAGE_STANDARD = "gnu++17";
				CLANG_ENABLE_MODULES = YES;
				CLANG_ENABLE_OBJC_ARC = YES;
				CLANG_ENABLE_OBJC_WEAK = YES;
				CLANG_WARN_BLOCK_CAPTURE_AUTORELEASING = YES;
				CLANG_WARN_BOOL_CONVERSION = YES;
				CLANG_WARN_COMMA = YES;
				CLANG_WARN_CONSTANT_CONVERSION = YES;
				CLANG_WARN_DEPRECATED_OBJC_IMPLEMENTATIONS = YES;
				CLANG_WARN_DIRECT_OBJC_ISA_USAGE = YES_ERROR;
				CLANG_WARN_DOCUMENTATION_COMMENTS = YES;
				CLANG_WARN_EMPTY_BODY = YES;
				CLANG_WARN_ENUM_CONVERSION = YES;
				CLANG_WARN_INFINITE_RECURSION = YES;
				CLANG_WARN_INT_CONVERSION = YES;
				CLANG_WARN_NON_LITERAL_NULL_CONVERSION = YES;
				CLANG_WARN_OBJC_IMPLICIT_RETAIN_SELF = YES;
				CLANG_WARN_OBJC_LITERAL_CONVERSION = YES;
				CLANG_WARN_OBJC_ROOT_CLASS = YES_ERROR;
				CLANG_WARN_QUOTED_INCLUDE_IN_FRAMEWORK_HEADER = YES;
				CLANG_WARN_RANGE_LOOP_ANALYSIS = YES;
				CLANG_WARN_STRICT_PROTOTYPES = YES;
				CLANG_WARN_SUSPICIOUS_MOVE = YES;
				CLANG_WARN_UNGUARDED_AVAILABILITY = YES_AGGRESSIVE;
				CLANG_WARN_UNREACHABLE_CODE = YES;
				CLANG_WARN__DUPLICATE_METHOD_MATCH = YES;
				COPY_PHASE_STRIP = NO;
				DEBUG_INFORMATION_FORMAT = dwarf;
				ENABLE_STRICT_OBJC_MSGSEND = YES;
				ENABLE_TESTABILITY = YES;
				GCC_C_LANGUAGE_STANDARD = gnu11;
				GCC_DYNAMIC_NO_PIC = NO;
				GCC_NO_COMMON_BLOCKS = YES;
				GCC_OPTIMIZATION_LEVEL = 0;
				GCC_PREPROCESSOR_DEFINITIONS = (
					"DEBUG=1",
					"$(inherited)",
				);
				GCC_WARN_64_TO_32_BIT_CONVERSION = YES;
				GCC_WARN_ABOUT_RETURN_TYPE = YES_ERROR;
				GCC_WARN_UNDECLARED_SELECTOR = YES;
				GCC_WARN_UNINITIALIZED_AUTOS = YES_AGGRESSIVE;
				GCC_WARN_UNUSED_FUNCTION = YES;
				GCC_WARN_UNUSED_VARIABLE = YES;
				IPHONEOS_DEPLOYMENT_TARGET = 15.4;
				MTL_ENABLE_DEBUG_INFO = INCLUDE_SOURCE;
				MTL_FAST_MATH = YES;
				ONLY_ACTIVE_ARCH = YES;
				SDKROOT = iphoneos;
				SWIFT_ACTIVE_COMPILATION_CONDITIONS = DEBUG;
				SWIFT_OPTIMIZATION_LEVEL = "-Onone";
			};
			name = Debug;
		};
		0C17BDB328125244007E37F5 /* Release */ = {
			isa = XCBuildConfiguration;
			buildSettings = {
				ALWAYS_SEARCH_USER_PATHS = NO;
				CLANG_ANALYZER_NONNULL = YES;
				CLANG_ANALYZER_NUMBER_OBJECT_CONVERSION = YES_AGGRESSIVE;
				CLANG_CXX_LANGUAGE_STANDARD = "gnu++17";
				CLANG_ENABLE_MODULES = YES;
				CLANG_ENABLE_OBJC_ARC = YES;
				CLANG_ENABLE_OBJC_WEAK = YES;
				CLANG_WARN_BLOCK_CAPTURE_AUTORELEASING = YES;
				CLANG_WARN_BOOL_CONVERSION = YES;
				CLANG_WARN_COMMA = YES;
				CLANG_WARN_CONSTANT_CONVERSION = YES;
				CLANG_WARN_DEPRECATED_OBJC_IMPLEMENTATIONS = YES;
				CLANG_WARN_DIRECT_OBJC_ISA_USAGE = YES_ERROR;
				CLANG_WARN_DOCUMENTATION_COMMENTS = YES;
				CLANG_WARN_EMPTY_BODY = YES;
				CLANG_WARN_ENUM_CONVERSION = YES;
				CLANG_WARN_INFINITE_RECURSION = YES;
				CLANG_WARN_INT_CONVERSION = YES;
				CLANG_WARN_NON_LITERAL_NULL_CONVERSION = YES;
				CLANG_WARN_OBJC_IMPLICIT_RETAIN_SELF = YES;
				CLANG_WARN_OBJC_LITERAL_CONVERSION = YES;
				CLANG_WARN_OBJC_ROOT_CLASS = YES_ERROR;
				CLANG_WARN_QUOTED_INCLUDE_IN_FRAMEWORK_HEADER = YES;
				CLANG_WARN_RANGE_LOOP_ANALYSIS = YES;
				CLANG_WARN_STRICT_PROTOTYPES = YES;
				CLANG_WARN_SUSPICIOUS_MOVE = YES;
				CLANG_WARN_UNGUARDED_AVAILABILITY = YES_AGGRESSIVE;
				CLANG_WARN_UNREACHABLE_CODE = YES;
				CLANG_WARN__DUPLICATE_METHOD_MATCH = YES;
				COPY_PHASE_STRIP = NO;
				DEBUG_INFORMATION_FORMAT = "dwarf-with-dsym";
				ENABLE_NS_ASSERTIONS = NO;
				ENABLE_STRICT_OBJC_MSGSEND = YES;
				GCC_C_LANGUAGE_STANDARD = gnu11;
				GCC_NO_COMMON_BLOCKS = YES;
				GCC_WARN_64_TO_32_BIT_CONVERSION = YES;
				GCC_WARN_ABOUT_RETURN_TYPE = YES_ERROR;
				GCC_WARN_UNDECLARED_SELECTOR = YES;
				GCC_WARN_UNINITIALIZED_AUTOS = YES_AGGRESSIVE;
				GCC_WARN_UNUSED_FUNCTION = YES;
				GCC_WARN_UNUSED_VARIABLE = YES;
				IPHONEOS_DEPLOYMENT_TARGET = 15.4;
				MTL_ENABLE_DEBUG_INFO = NO;
				MTL_FAST_MATH = YES;
				SDKROOT = iphoneos;
				SWIFT_COMPILATION_MODE = wholemodule;
				SWIFT_OPTIMIZATION_LEVEL = "-O";
				VALIDATE_PRODUCT = YES;
			};
			name = Release;
		};
		0C17BDB528125244007E37F5 /* Debug */ = {
			isa = XCBuildConfiguration;
			buildSettings = {
				ASSETCATALOG_COMPILER_APPICON_NAME = AppIcon;
				ASSETCATALOG_COMPILER_GLOBAL_ACCENT_COLOR_NAME = AccentColor;
				CODE_SIGN_STYLE = Automatic;
				CURRENT_PROJECT_VERSION = 1;
				DEVELOPMENT_TEAM = 9QX3B4Z83Z;
				GENERATE_INFOPLIST_FILE = YES;
				INFOPLIST_FILE = wordle/Info.plist;
				INFOPLIST_KEY_UIApplicationSupportsIndirectInputEvents = YES;
				INFOPLIST_KEY_UILaunchStoryboardName = LaunchScreen;
				INFOPLIST_KEY_UIMainStoryboardFile = Main;
				INFOPLIST_KEY_UISupportedInterfaceOrientations_iPad = "UIInterfaceOrientationPortrait UIInterfaceOrientationPortraitUpsideDown UIInterfaceOrientationLandscapeLeft UIInterfaceOrientationLandscapeRight";
				INFOPLIST_KEY_UISupportedInterfaceOrientations_iPhone = "UIInterfaceOrientationPortrait UIInterfaceOrientationLandscapeLeft UIInterfaceOrientationLandscapeRight";
				LD_RUNPATH_SEARCH_PATHS = (
					"$(inherited)",
					"@executable_path/Frameworks",
				);
				MARKETING_VERSION = 1.0;
				PRODUCT_BUNDLE_IDENTIFIER = GL.wordle;
				PRODUCT_NAME = "$(TARGET_NAME)";
				SWIFT_EMIT_LOC_STRINGS = YES;
				SWIFT_VERSION = 5.0;
				TARGETED_DEVICE_FAMILY = "1,2";
			};
			name = Debug;
		};
		0C17BDB628125244007E37F5 /* Release */ = {
			isa = XCBuildConfiguration;
			buildSettings = {
				ASSETCATALOG_COMPILER_APPICON_NAME = AppIcon;
				ASSETCATALOG_COMPILER_GLOBAL_ACCENT_COLOR_NAME = AccentColor;
				CODE_SIGN_STYLE = Automatic;
				CURRENT_PROJECT_VERSION = 1;
				DEVELOPMENT_TEAM = 9QX3B4Z83Z;
				GENERATE_INFOPLIST_FILE = YES;
				INFOPLIST_FILE = wordle/Info.plist;
				INFOPLIST_KEY_UIApplicationSupportsIndirectInputEvents = YES;
				INFOPLIST_KEY_UILaunchStoryboardName = LaunchScreen;
				INFOPLIST_KEY_UIMainStoryboardFile = Main;
				INFOPLIST_KEY_UISupportedInterfaceOrientations_iPad = "UIInterfaceOrientationPortrait UIInterfaceOrientationPortraitUpsideDown UIInterfaceOrientationLandscapeLeft UIInterfaceOrientationLandscapeRight";
				INFOPLIST_KEY_UISupportedInterfaceOrientations_iPhone = "UIInterfaceOrientationPortrait UIInterfaceOrientationLandscapeLeft UIInterfaceOrientationLandscapeRight";
				LD_RUNPATH_SEARCH_PATHS = (
					"$(inherited)",
					"@executable_path/Frameworks",
				);
				MARKETING_VERSION = 1.0;
				PRODUCT_BUNDLE_IDENTIFIER = GL.wordle;
				PRODUCT_NAME = "$(TARGET_NAME)";
				SWIFT_EMIT_LOC_STRINGS = YES;
				SWIFT_VERSION = 5.0;
				TARGETED_DEVICE_FAMILY = "1,2";
			};
			name = Release;
		};
		0C17BDB828125244007E37F5 /* Debug */ = {
			isa = XCBuildConfiguration;
			buildSettings = {
				ALWAYS_EMBED_SWIFT_STANDARD_LIBRARIES = YES;
				BUNDLE_LOADER = "$(TEST_HOST)";
				CODE_SIGN_STYLE = Automatic;
				CURRENT_PROJECT_VERSION = 1;
				DEVELOPMENT_TEAM = 9QX3B4Z83Z;
				GENERATE_INFOPLIST_FILE = YES;
				IPHONEOS_DEPLOYMENT_TARGET = 15.4;
				MARKETING_VERSION = 1.0;
				PRODUCT_BUNDLE_IDENTIFIER = GL.wordleTests;
				PRODUCT_NAME = "$(TARGET_NAME)";
				SWIFT_EMIT_LOC_STRINGS = NO;
				SWIFT_VERSION = 5.0;
				TARGETED_DEVICE_FAMILY = "1,2";
				TEST_HOST = "$(BUILT_PRODUCTS_DIR)/wordle.app/wordle";
			};
			name = Debug;
		};
		0C17BDB928125244007E37F5 /* Release */ = {
			isa = XCBuildConfiguration;
			buildSettings = {
				ALWAYS_EMBED_SWIFT_STANDARD_LIBRARIES = YES;
				BUNDLE_LOADER = "$(TEST_HOST)";
				CODE_SIGN_STYLE = Automatic;
				CURRENT_PROJECT_VERSION = 1;
				DEVELOPMENT_TEAM = 9QX3B4Z83Z;
				GENERATE_INFOPLIST_FILE = YES;
				IPHONEOS_DEPLOYMENT_TARGET = 15.4;
				MARKETING_VERSION = 1.0;
				PRODUCT_BUNDLE_IDENTIFIER = GL.wordleTests;
				PRODUCT_NAME = "$(TARGET_NAME)";
				SWIFT_EMIT_LOC_STRINGS = NO;
				SWIFT_VERSION = 5.0;
				TARGETED_DEVICE_FAMILY = "1,2";
				TEST_HOST = "$(BUILT_PRODUCTS_DIR)/wordle.app/wordle";
			};
			name = Release;
		};
		0C17BDBB28125244007E37F5 /* Debug */ = {
			isa = XCBuildConfiguration;
			buildSettings = {
				ALWAYS_EMBED_SWIFT_STANDARD_LIBRARIES = YES;
				CODE_SIGN_STYLE = Automatic;
				CURRENT_PROJECT_VERSION = 1;
				DEVELOPMENT_TEAM = 9QX3B4Z83Z;
				GENERATE_INFOPLIST_FILE = YES;
				MARKETING_VERSION = 1.0;
				PRODUCT_BUNDLE_IDENTIFIER = GL.wordleUITests;
				PRODUCT_NAME = "$(TARGET_NAME)";
				SWIFT_EMIT_LOC_STRINGS = NO;
				SWIFT_VERSION = 5.0;
				TARGETED_DEVICE_FAMILY = "1,2";
				TEST_TARGET_NAME = wordle;
			};
			name = Debug;
		};
		0C17BDBC28125244007E37F5 /* Release */ = {
			isa = XCBuildConfiguration;
			buildSettings = {
				ALWAYS_EMBED_SWIFT_STANDARD_LIBRARIES = YES;
				CODE_SIGN_STYLE = Automatic;
				CURRENT_PROJECT_VERSION = 1;
				DEVELOPMENT_TEAM = 9QX3B4Z83Z;
				GENERATE_INFOPLIST_FILE = YES;
				MARKETING_VERSION = 1.0;
				PRODUCT_BUNDLE_IDENTIFIER = GL.wordleUITests;
				PRODUCT_NAME = "$(TARGET_NAME)";
				SWIFT_EMIT_LOC_STRINGS = NO;
				SWIFT_VERSION = 5.0;
				TARGETED_DEVICE_FAMILY = "1,2";
				TEST_TARGET_NAME = wordle;
			};
			name = Release;
		};
		0CB35922281326F7007F06D9 /* Debug */ = {
			isa = XCBuildConfiguration;
			buildSettings = {
				CODE_SIGN_STYLE = Automatic;
				CURRENT_PROJECT_VERSION = 1;
				DEVELOPMENT_TEAM = 9QX3B4Z83Z;
				GENERATE_INFOPLIST_FILE = YES;
				INFOPLIST_FILE = userKey/Info.plist;
				INFOPLIST_KEY_CFBundleDisplayName = userKey;
				INFOPLIST_KEY_NSHumanReadableCopyright = "";
				LD_RUNPATH_SEARCH_PATHS = (
					"$(inherited)",
					"@executable_path/Frameworks",
					"@executable_path/../../Frameworks",
				);
				MARKETING_VERSION = 1.0;
				PRODUCT_BUNDLE_IDENTIFIER = GL.wordle.userKey;
				PRODUCT_NAME = "$(TARGET_NAME)";
				SKIP_INSTALL = YES;
				SWIFT_EMIT_LOC_STRINGS = YES;
				SWIFT_VERSION = 5.0;
				TARGETED_DEVICE_FAMILY = "1,2";
			};
			name = Debug;
		};
		0CB35923281326F7007F06D9 /* Release */ = {
			isa = XCBuildConfiguration;
			buildSettings = {
				CODE_SIGN_STYLE = Automatic;
				CURRENT_PROJECT_VERSION = 1;
				DEVELOPMENT_TEAM = 9QX3B4Z83Z;
				GENERATE_INFOPLIST_FILE = YES;
				INFOPLIST_FILE = userKey/Info.plist;
				INFOPLIST_KEY_CFBundleDisplayName = userKey;
				INFOPLIST_KEY_NSHumanReadableCopyright = "";
				LD_RUNPATH_SEARCH_PATHS = (
					"$(inherited)",
					"@executable_path/Frameworks",
					"@executable_path/../../Frameworks",
				);
				MARKETING_VERSION = 1.0;
				PRODUCT_BUNDLE_IDENTIFIER = GL.wordle.userKey;
				PRODUCT_NAME = "$(TARGET_NAME)";
				SKIP_INSTALL = YES;
				SWIFT_EMIT_LOC_STRINGS = YES;
				SWIFT_VERSION = 5.0;
				TARGETED_DEVICE_FAMILY = "1,2";
			};
			name = Release;
		};
/* End XCBuildConfiguration section */

/* Begin XCConfigurationList section */
		0C17BD8528125242007E37F5 /* Build configuration list for PBXProject "wordle" */ = {
			isa = XCConfigurationList;
			buildConfigurations = (
				0C17BDB228125244007E37F5 /* Debug */,
				0C17BDB328125244007E37F5 /* Release */,
			);
			defaultConfigurationIsVisible = 0;
			defaultConfigurationName = Release;
		};
		0C17BDB428125244007E37F5 /* Build configuration list for PBXNativeTarget "wordle" */ = {
			isa = XCConfigurationList;
			buildConfigurations = (
				0C17BDB528125244007E37F5 /* Debug */,
				0C17BDB628125244007E37F5 /* Release */,
			);
			defaultConfigurationIsVisible = 0;
			defaultConfigurationName = Release;
		};
		0C17BDB728125244007E37F5 /* Build configuration list for PBXNativeTarget "wordleTests" */ = {
			isa = XCConfigurationList;
			buildConfigurations = (
				0C17BDB828125244007E37F5 /* Debug */,
				0C17BDB928125244007E37F5 /* Release */,
			);
			defaultConfigurationIsVisible = 0;
			defaultConfigurationName = Release;
		};
		0C17BDBA28125244007E37F5 /* Build configuration list for PBXNativeTarget "wordleUITests" */ = {
			isa = XCConfigurationList;
			buildConfigurations = (
				0C17BDBB28125244007E37F5 /* Debug */,
				0C17BDBC28125244007E37F5 /* Release */,
			);
			defaultConfigurationIsVisible = 0;
			defaultConfigurationName = Release;
		};
		0CB35924281326F7007F06D9 /* Build configuration list for PBXNativeTarget "userKey" */ = {
			isa = XCConfigurationList;
			buildConfigurations = (
				0CB35922281326F7007F06D9 /* Debug */,
				0CB35923281326F7007F06D9 /* Release */,
			);
			defaultConfigurationIsVisible = 0;
			defaultConfigurationName = Release;
		};
/* End XCConfigurationList section */
	};
	rootObject = 0C17BD8228125242007E37F5 /* Project object */;
}
